// !$*UTF8*$!
{
	archiveVersion = 1;
	classes = {
	};
	objectVersion = 50;
	objects = {

/* Begin PBXBuildFile section */
		90792FD8B05982E38A5AE1AB /* Pods_firebaseByAravind.framework in Frameworks */ = {isa = PBXBuildFile; fileRef = 9AE926B7E01DA438A57BB1AA /* Pods_firebaseByAravind.framework */; };
		F24FF51021DE6063003ADDAD /* AppDelegate.swift in Sources */ = {isa = PBXBuildFile; fileRef = F24FF50F21DE6063003ADDAD /* AppDelegate.swift */; };
		F24FF51221DE6063003ADDAD /* ViewController.swift in Sources */ = {isa = PBXBuildFile; fileRef = F24FF51121DE6063003ADDAD /* ViewController.swift */; };
		F24FF51521DE6063003ADDAD /* Main.storyboard in Resources */ = {isa = PBXBuildFile; fileRef = F24FF51321DE6063003ADDAD /* Main.storyboard */; };
		F24FF51721DE6065003ADDAD /* Assets.xcassets in Resources */ = {isa = PBXBuildFile; fileRef = F24FF51621DE6065003ADDAD /* Assets.xcassets */; };
		F24FF51A21DE6065003ADDAD /* LaunchScreen.storyboard in Resources */ = {isa = PBXBuildFile; fileRef = F24FF51821DE6065003ADDAD /* LaunchScreen.storyboard */; };
		F24FF52221DE67A3003ADDAD /* GoogleService-Info.plist in Resources */ = {isa = PBXBuildFile; fileRef = F24FF52121DE67A2003ADDAD /* GoogleService-Info.plist */; };
		F27BE17121E1FC370088A5D0 /* TableViewController.swift in Sources */ = {isa = PBXBuildFile; fileRef = F27BE17021E1FC370088A5D0 /* TableViewController.swift */; };
		F2FD682421DFB2BF006798C0 /* register.swift in Sources */ = {isa = PBXBuildFile; fileRef = F2FD682321DFB2BF006798C0 /* register.swift */; };
/* End PBXBuildFile section */

/* Begin PBXFileReference section */
		9AE926B7E01DA438A57BB1AA /* Pods_firebaseByAravind.framework */ = {isa = PBXFileReference; explicitFileType = wrapper.framework; includeInIndex = 0; path = Pods_firebaseByAravind.framework; sourceTree = BUILT_PRODUCTS_DIR; };
		DB542E69185639B1B6C27522 /* Pods-firebaseByAravind.debug.xcconfig */ = {isa = PBXFileReference; includeInIndex = 1; lastKnownFileType = text.xcconfig; name = "Pods-firebaseByAravind.debug.xcconfig"; path = "Pods/Target Support Files/Pods-firebaseByAravind/Pods-firebaseByAravind.debug.xcconfig"; sourceTree = "<group>"; };
		F24FF50C21DE6063003ADDAD /* firebaseByAravind.app */ = {isa = PBXFileReference; explicitFileType = wrapper.application; includeInIndex = 0; path = firebaseByAravind.app; sourceTree = BUILT_PRODUCTS_DIR; };
		F24FF50F21DE6063003ADDAD /* AppDelegate.swift */ = {isa = PBXFileReference; lastKnownFileType = sourcecode.swift; path = AppDelegate.swift; sourceTree = "<group>"; };
		F24FF51121DE6063003ADDAD /* ViewController.swift */ = {isa = PBXFileReference; lastKnownFileType = sourcecode.swift; path = ViewController.swift; sourceTree = "<group>"; };
		F24FF51421DE6063003ADDAD /* Base */ = {isa = PBXFileReference; lastKnownFileType = file.storyboard; name = Base; path = Base.lproj/Main.storyboard; sourceTree = "<group>"; };
		F24FF51621DE6065003ADDAD /* Assets.xcassets */ = {isa = PBXFileReference; lastKnownFileType = folder.assetcatalog; path = Assets.xcassets; sourceTree = "<group>"; };
		F24FF51921DE6065003ADDAD /* Base */ = {isa = PBXFileReference; lastKnownFileType = file.storyboard; name = Base; path = Base.lproj/LaunchScreen.storyboard; sourceTree = "<group>"; };
		F24FF51B21DE6065003ADDAD /* Info.plist */ = {isa = PBXFileReference; lastKnownFileType = text.plist.xml; path = Info.plist; sourceTree = "<group>"; };
		F24FF52121DE67A2003ADDAD /* GoogleService-Info.plist */ = {isa = PBXFileReference; fileEncoding = 4; lastKnownFileType = text.plist.xml; path = "GoogleService-Info.plist"; sourceTree = "<group>"; };
		F27BE17021E1FC370088A5D0 /* TableViewController.swift */ = {isa = PBXFileReference; lastKnownFileType = sourcecode.swift; path = TableViewController.swift; sourceTree = "<group>"; };
		F2FD682321DFB2BF006798C0 /* register.swift */ = {isa = PBXFileReference; lastKnownFileType = sourcecode.swift; path = register.swift; sourceTree = "<group>"; };
		F3C08231E10AC306C30514FF /* Pods-firebaseByAravind.release.xcconfig */ = {isa = PBXFileReference; includeInIndex = 1; lastKnownFileType = text.xcconfig; name = "Pods-firebaseByAravind.release.xcconfig"; path = "Pods/Target Support Files/Pods-firebaseByAravind/Pods-firebaseByAravind.release.xcconfig"; sourceTree = "<group>"; };
/* End PBXFileReference section */

/* Begin PBXFrameworksBuildPhase section */
		F24FF50921DE6063003ADDAD /* Frameworks */ = {
			isa = PBXFrameworksBuildPhase;
			buildActionMask = 2147483647;
			files = (
				90792FD8B05982E38A5AE1AB /* Pods_firebaseByAravind.framework in Frameworks */,
			);
			runOnlyForDeploymentPostprocessing = 0;
		};
/* End PBXFrameworksBuildPhase section */

/* Begin PBXGroup section */
		605076CC5075AE2165103776 /* Pods */ = {
			isa = PBXGroup;
			children = (
				DB542E69185639B1B6C27522 /* Pods-firebaseByAravind.debug.xcconfig */,
				F3C08231E10AC306C30514FF /* Pods-firebaseByAravind.release.xcconfig */,
			);
			name = Pods;
			sourceTree = "<group>";
		};
		F0F958DD7CC277EB891D2A48 /* Frameworks */ = {
			isa = PBXGroup;
			children = (
				9AE926B7E01DA438A57BB1AA /* Pods_firebaseByAravind.framework */,
			);
			name = Frameworks;
			sourceTree = "<group>";
		};
		F24FF50321DE6063003ADDAD = {
			isa = PBXGroup;
			children = (
				F24FF50E21DE6063003ADDAD /* firebaseByAravind */,
				F24FF50D21DE6063003ADDAD /* Products */,
				605076CC5075AE2165103776 /* Pods */,
				F0F958DD7CC277EB891D2A48 /* Frameworks */,
			);
			sourceTree = "<group>";
		};
		F24FF50D21DE6063003ADDAD /* Products */ = {
			isa = PBXGroup;
			children = (
				F24FF50C21DE6063003ADDAD /* firebaseByAravind.app */,
			);
			name = Products;
			sourceTree = "<group>";
		};
		F24FF50E21DE6063003ADDAD /* firebaseByAravind */ = {
			isa = PBXGroup;
			children = (
				F24FF50F21DE6063003ADDAD /* AppDelegate.swift */,
				F24FF51121DE6063003ADDAD /* ViewController.swift */,
				F2FD682321DFB2BF006798C0 /* register.swift */,
				F27BE17021E1FC370088A5D0 /* TableViewController.swift */,
				F24FF51321DE6063003ADDAD /* Main.storyboard */,
				F24FF51621DE6065003ADDAD /* Assets.xcassets */,
				F24FF51821DE6065003ADDAD /* LaunchScreen.storyboard */,
				F24FF51B21DE6065003ADDAD /* Info.plist */,
				F24FF52121DE67A2003ADDAD /* GoogleService-Info.plist */,
			);
			path = firebaseByAravind;
			sourceTree = "<group>";
		};
/* End PBXGroup section */

/* Begin PBXNativeTarget section */
		F24FF50B21DE6063003ADDAD /* firebaseByAravind */ = {
			isa = PBXNativeTarget;
			buildConfigurationList = F24FF51E21DE6065003ADDAD /* Build configuration list for PBXNativeTarget "firebaseByAravind" */;
			buildPhases = (
				2BE1CD9C52B42B9D62B5A56A /* [CP] Check Pods Manifest.lock */,
				F24FF50821DE6063003ADDAD /* Sources */,
				F24FF50921DE6063003ADDAD /* Frameworks */,
				F24FF50A21DE6063003ADDAD /* Resources */,
				ACC7553489A65A926F0B12A9 /* [CP] Embed Pods Frameworks */,
			);
			buildRules = (
			);
			dependencies = (
			);
			name = firebaseByAravind;
			productName = firebaseByAravind;
			productReference = F24FF50C21DE6063003ADDAD /* firebaseByAravind.app */;
			productType = "com.apple.product-type.application";
		};
/* End PBXNativeTarget section */

/* Begin PBXProject section */
		F24FF50421DE6063003ADDAD /* Project object */ = {
			isa = PBXProject;
			attributes = {
				LastSwiftUpdateCheck = 1010;
				LastUpgradeCheck = 1010;
				ORGANIZATIONNAME = Aravind;
				TargetAttributes = {
					F24FF50B21DE6063003ADDAD = {
						CreatedOnToolsVersion = 10.1;
					};
				};
			};
			buildConfigurationList = F24FF50721DE6063003ADDAD /* Build configuration list for PBXProject "firebaseByAravind" */;
			compatibilityVersion = "Xcode 9.3";
			developmentRegion = en;
			hasScannedForEncodings = 0;
			knownRegions = (
				en,
				Base,
			);
			mainGroup = F24FF50321DE6063003ADDAD;
			productRefGroup = F24FF50D21DE6063003ADDAD /* Products */;
			projectDirPath = "";
			projectRoot = "";
			targets = (
				F24FF50B21DE6063003ADDAD /* firebaseByAravind */,
			);
		};
/* End PBXProject section */

/* Begin PBXResourcesBuildPhase section */
		F24FF50A21DE6063003ADDAD /* Resources */ = {
			isa = PBXResourcesBuildPhase;
			buildActionMask = 2147483647;
			files = (
				F24FF51A21DE6065003ADDAD /* LaunchScreen.storyboard in Resources */,
				F24FF52221DE67A3003ADDAD /* GoogleService-Info.plist in Resources */,
				F24FF51721DE6065003ADDAD /* Assets.xcassets in Resources */,
				F24FF51521DE6063003ADDAD /* Main.storyboard in Resources */,
			);
			runOnlyForDeploymentPostprocessing = 0;
		};
/* End PBXResourcesBuildPhase section */

/* Begin PBXShellScriptBuildPhase section */
		2BE1CD9C52B42B9D62B5A56A /* [CP] Check Pods Manifest.lock */ = {
			isa = PBXShellScriptBuildPhase;
			buildActionMask = 2147483647;
			files = (
			);
			inputFileListPaths = (
			);
			inputPaths = (
				"${PODS_PODFILE_DIR_PATH}/Podfile.lock",
				"${PODS_ROOT}/Manifest.lock",
			);
			name = "[CP] Check Pods Manifest.lock";
			outputFileListPaths = (
			);
			outputPaths = (
				"$(DERIVED_FILE_DIR)/Pods-firebaseByAravind-checkManifestLockResult.txt",
			);
			runOnlyForDeploymentPostprocessing = 0;
			shellPath = /bin/sh;
			shellScript = "diff \"${PODS_PODFILE_DIR_PATH}/Podfile.lock\" \"${PODS_ROOT}/Manifest.lock\" > /dev/null\nif [ $? != 0 ] ; then\n    # print error to STDERR\n    echo \"error: The sandbox is not in sync with the Podfile.lock. Run 'pod install' or update your CocoaPods installation.\" >&2\n    exit 1\nfi\n# This output is used by Xcode 'outputs' to avoid re-running this script phase.\necho \"SUCCESS\" > \"${SCRIPT_OUTPUT_FILE_0}\"\n";
			showEnvVarsInLog = 0;
		};
		ACC7553489A65A926F0B12A9 /* [CP] Embed Pods Frameworks */ = {
			isa = PBXShellScriptBuildPhase;
			buildActionMask = 2147483647;
			files = (
			);
			inputFileListPaths = (
			);
			inputPaths = (
				"${SRCROOT}/Pods/Target Support Files/Pods-firebaseByAravind/Pods-firebaseByAravind-frameworks.sh",
				"${BUILT_PRODUCTS_DIR}/ChameleonFramework/ChameleonFramework.framework",
				"${BUILT_PRODUCTS_DIR}/GTMSessionFetcher/GTMSessionFetcher.framework",
				"${BUILT_PRODUCTS_DIR}/GoogleUtilities/GoogleUtilities.framework",
				"${BUILT_PRODUCTS_DIR}/SVProgressHUD/SVProgressHUD.framework",
				"${BUILT_PRODUCTS_DIR}/leveldb-library/leveldb.framework",
				"${BUILT_PRODUCTS_DIR}/nanopb/nanopb.framework",
			);
			name = "[CP] Embed Pods Frameworks";
			outputFileListPaths = (
			);
			outputPaths = (
				"${TARGET_BUILD_DIR}/${FRAMEWORKS_FOLDER_PATH}/ChameleonFramework.framework",
				"${TARGET_BUILD_DIR}/${FRAMEWORKS_FOLDER_PATH}/GTMSessionFetcher.framework",
				"${TARGET_BUILD_DIR}/${FRAMEWORKS_FOLDER_PATH}/GoogleUtilities.framework",
				"${TARGET_BUILD_DIR}/${FRAMEWORKS_FOLDER_PATH}/SVProgressHUD.framework",
				"${TARGET_BUILD_DIR}/${FRAMEWORKS_FOLDER_PATH}/leveldb.framework",
				"${TARGET_BUILD_DIR}/${FRAMEWORKS_FOLDER_PATH}/nanopb.framework",
			);
			runOnlyForDeploymentPostprocessing = 0;
			shellPath = /bin/sh;
			shellScript = "\"${SRCROOT}/Pods/Target Support Files/Pods-firebaseByAravind/Pods-firebaseByAravind-frameworks.sh\"\n";
			showEnvVarsInLog = 0;
		};
/* End PBXShellScriptBuildPhase section */

/* Begin PBXSourcesBuildPhase section */
		F24FF50821DE6063003ADDAD /* Sources */ = {
			isa = PBXSourcesBuildPhase;
			buildActionMask = 2147483647;
			files = (
				F24FF51221DE6063003ADDAD /* ViewController.swift in Sources */,
				F24FF51021DE6063003ADDAD /* AppDelegate.swift in Sources */,
				F27BE17121E1FC370088A5D0 /* TableViewController.swift in Sources */,
				F2FD682421DFB2BF006798C0 /* register.swift in Sources */,
			);
			runOnlyForDeploymentPostprocessing = 0;
		};
/* End PBXSourcesBuildPhase section */

/* Begin PBXVariantGroup section */
		F24FF51321DE6063003ADDAD /* Main.storyboard */ = {
			isa = PBXVariantGroup;
			children = (
				F24FF51421DE6063003ADDAD /* Base */,
			);
			name = Main.storyboard;
			sourceTree = "<group>";
		};
		F24FF51821DE6065003ADDAD /* LaunchScreen.storyboard */ = {
			isa = PBXVariantGroup;
			children = (
				F24FF51921DE6065003ADDAD /* Base */,
			);
			name = LaunchScreen.storyboard;
			sourceTree = "<group>";
		};
/* End PBXVariantGroup section */

/* Begin XCBuildConfiguration section */
		F24FF51C21DE6065003ADDAD /* Debug */ = {
			isa = XCBuildConfiguration;
			buildSettings = {
				ALWAYS_SEARCH_USER_PATHS = NO;
				CLANG_ANALYZER_NONNULL = YES;
				CLANG_ANALYZER_NUMBER_OBJECT_CONVERSION = YES_AGGRESSIVE;
				CLANG_CXX_LANGUAGE_STANDARD = "gnu++14";
				CLANG_CXX_LIBRARY = "libc++";
				CLANG_ENABLE_MODULES = YES;
				CLANG_ENABLE_OBJC_ARC = YES;
				CLANG_ENABLE_OBJC_WEAK = YES;
				CLANG_WARN_BLOCK_CAPTURE_AUTORELEASING = YES;
				CLANG_WARN_BOOL_CONVERSION = YES;
				CLANG_WARN_COMMA = YES;
				CLANG_WARN_CONSTANT_CONVERSION = YES;
				CLANG_WARN_DEPRECATED_OBJC_IMPLEMENTATIONS = YES;
				CLANG_WARN_DIRECT_OBJC_ISA_USAGE = YES_ERROR;
				CLANG_WARN_DOCUMENTATION_COMMENTS = YES;
				CLANG_WARN_EMPTY_BODY = YES;
				CLANG_WARN_ENUM_CONVERSION = YES;
				CLANG_WARN_INFINITE_RECURSION = YES;
				CLANG_WARN_INT_CONVERSION = YES;
				CLANG_WARN_NON_LITERAL_NULL_CONVERSION = YES;
				CLANG_WARN_OBJC_IMPLICIT_RETAIN_SELF = YES;
				CLANG_WARN_OBJC_LITERAL_CONVERSION = YES;
				CLANG_WARN_OBJC_ROOT_CLASS = YES_ERROR;
				CLANG_WARN_RANGE_LOOP_ANALYSIS = YES;
				CLANG_WARN_STRICT_PROTOTYPES = YES;
				CLANG_WARN_SUSPICIOUS_MOVE = YES;
				CLANG_WARN_UNGUARDED_AVAILABILITY = YES_AGGRESSIVE;
				CLANG_WARN_UNREACHABLE_CODE = YES;
				CLANG_WARN__DUPLICATE_METHOD_MATCH = YES;
				CODE_SIGN_IDENTITY = "iPhone Developer";
				COPY_PHASE_STRIP = NO;
				DEBUG_INFORMATION_FORMAT = dwarf;
				ENABLE_STRICT_OBJC_MSGSEND = YES;
				ENABLE_TESTABILITY = YES;
				GCC_C_LANGUAGE_STANDARD = gnu11;
				GCC_DYNAMIC_NO_PIC = NO;
				GCC_NO_COMMON_BLOCKS = YES;
				GCC_OPTIMIZATION_LEVEL = 0;
				GCC_PREPROCESSOR_DEFINITIONS = (
					"DEBUG=1",
					"$(inherited)",
				);
				GCC_WARN_64_TO_32_BIT_CONVERSION = YES;
				GCC_WARN_ABOUT_RETURN_TYPE = YES_ERROR;
				GCC_WARN_UNDECLARED_SELECTOR = YES;
				GCC_WARN_UNINITIALIZED_AUTOS = YES_AGGRESSIVE;
				GCC_WARN_UNUSED_FUNCTION = YES;
				GCC_WARN_UNUSED_VARIABLE = YES;
				IPHONEOS_DEPLOYMENT_TARGET = 12.1;
				MTL_ENABLE_DEBUG_INFO = INCLUDE_SOURCE;
				MTL_FAST_MATH = YES;
				ONLY_ACTIVE_ARCH = YES;
				SDKROOT = iphoneos;
				SWIFT_ACTIVE_COMPILATION_CONDITIONS = DEBUG;
				SWIFT_OPTIMIZATION_LEVEL = "-Onone";
			};
			name = Debug;
		};
		F24FF51D21DE6065003ADDAD /* Release */ = {
			isa = XCBuildConfiguration;
			buildSettings = {
				ALWAYS_SEARCH_USER_PATHS = NO;
				CLANG_ANALYZER_NONNULL = YES;
				CLANG_ANALYZER_NUMBER_OBJECT_CONVERSION = YES_AGGRESSIVE;
				CLANG_CXX_LANGUAGE_STANDARD = "gnu++14";
				CLANG_CXX_LIBRARY = "libc++";
				CLANG_ENABLE_MODULES = YES;
				CLANG_ENABLE_OBJC_ARC = YES;
				CLANG_ENABLE_OBJC_WEAK = YES;
				CLANG_WARN_BLOCK_CAPTURE_AUTORELEASING = YES;
				CLANG_WARN_BOOL_CONVERSION = YES;
				CLANG_WARN_COMMA = YES;
				CLANG_WARN_CONSTANT_CONVERSION = YES;
				CLANG_WARN_DEPRECATED_OBJC_IMPLEMENTATIONS = YES;
				CLANG_WARN_DIRECT_OBJC_ISA_USAGE = YES_ERROR;
				CLANG_WARN_DOCUMENTATION_COMMENTS = YES;
				CLANG_WARN_EMPTY_BODY = YES;
				CLANG_WARN_ENUM_CONVERSION = YES;
				CLANG_WARN_INFINITE_RECURSION = YES;
				CLANG_WARN_INT_CONVERSION = YES;
				CLANG_WARN_NON_LITERAL_NULL_CONVERSION = YES;
				CLANG_WARN_OBJC_IMPLICIT_RETAIN_SELF = YES;
				CLANG_WARN_OBJC_LITERAL_CONVERSION = YES;
				CLANG_WARN_OBJC_ROOT_CLASS = YES_ERROR;
				CLANG_WARN_RANGE_LOOP_ANALYSIS = YES;
				CLANG_WARN_STRICT_PROTOTYPES = YES;
				CLANG_WARN_SUSPICIOUS_MOVE = YES;
				CLANG_WARN_UNGUARDED_AVAILABILITY = YES_AGGRESSIVE;
				CLANG_WARN_UNREACHABLE_CODE = YES;
				CLANG_WARN__DUPLICATE_METHOD_MATCH = YES;
				CODE_SIGN_IDENTITY = "iPhone Developer";
				COPY_PHASE_STRIP = NO;
				DEBUG_INFORMATION_FORMAT = "dwarf-with-dsym";
				ENABLE_NS_ASSERTIONS = NO;
				ENABLE_STRICT_OBJC_MSGSEND = YES;
				GCC_C_LANGUAGE_STANDARD = gnu11;
				GCC_NO_COMMON_BLOCKS = YES;
				GCC_WARN_64_TO_32_BIT_CONVERSION = YES;
				GCC_WARN_ABOUT_RETURN_TYPE = YES_ERROR;
				GCC_WARN_UNDECLARED_SELECTOR = YES;
				GCC_WARN_UNINITIALIZED_AUTOS = YES_AGGRESSIVE;
				GCC_WARN_UNUSED_FUNCTION = YES;
				GCC_WARN_UNUSED_VARIABLE = YES;
				IPHONEOS_DEPLOYMENT_TARGET = 12.1;
				MTL_ENABLE_DEBUG_INFO = NO;
				MTL_FAST_MATH = YES;
				SDKROOT = iphoneos;
				SWIFT_COMPILATION_MODE = wholemodule;
				SWIFT_OPTIMIZATION_LEVEL = "-O";
				VALIDATE_PRODUCT = YES;
			};
			name = Release;
		};
		F24FF51F21DE6065003ADDAD /* Debug */ = {
			isa = XCBuildConfiguration;
			baseConfigurationReference = DB542E69185639B1B6C27522 /* Pods-firebaseByAravind.debug.xcconfig */;
			buildSettings = {
				ASSETCATALOG_COMPILER_APPICON_NAME = AppIcon;
				CODE_SIGN_IDENTITY = "iPhone Developer";
				CODE_SIGN_STYLE = Automatic;
				DEVELOPMENT_TEAM = WUH89742HZ;
				INFOPLIST_FILE = firebaseByAravind/Info.plist;
				IPHONEOS_DEPLOYMENT_TARGET = 12.1;
				LD_RUNPATH_SEARCH_PATHS = (
					"$(inherited)",
					"@executable_path/Frameworks",
				);
				PRODUCT_BUNDLE_IDENTIFIER = Aravind.firebaseByAravind;
				PRODUCT_NAME = "$(TARGET_NAME)";
				PROVISIONING_PROFILE_SPECIFIER = "";
				SWIFT_VERSION = 4.2;
				TARGETED_DEVICE_FAMILY = "1,2";
			};
			name = Debug;
		};
		F24FF52021DE6065003ADDAD /* Release */ = {
			isa = XCBuildConfiguration;
			baseConfigurationReference = F3C08231E10AC306C30514FF /* Pods-firebaseByAravind.release.xcconfig */;
			buildSettings = {
				ASSETCATALOG_COMPILER_APPICON_NAME = AppIcon;
				CODE_SIGN_IDENTITY = "iPhone Developer";
				CODE_SIGN_STYLE = Automatic;
				DEVELOPMENT_TEAM = WUH89742HZ;
				INFOPLIST_FILE = firebaseByAravind/Info.plist;
				IPHONEOS_DEPLOYMENT_TARGET = 12.1;
				LD_RUNPATH_SEARCH_PATHS = (
					"$(inherited)",
					"@executable_path/Frameworks",
				);
				PRODUCT_BUNDLE_IDENTIFIER = Aravind.firebaseByAravind;
				PRODUCT_NAME = "$(TARGET_NAME)";
				PROVISIONING_PROFILE_SPECIFIER = "";
				SWIFT_VERSION = 4.2;
				TARGETED_DEVICE_FAMILY = "1,2";
			};
			name = Release;
		};
/* End XCBuildConfiguration section */

/* Begin XCConfigurationList section */
		F24FF50721DE6063003ADDAD /* Build configuration list for PBXProject "firebaseByAravind" */ = {
			isa = XCConfigurationList;
			buildConfigurations = (
				F24FF51C21DE6065003ADDAD /* Debug */,
				F24FF51D21DE6065003ADDAD /* Release */,
			);
			defaultConfigurationIsVisible = 0;
			defaultConfigurationName = Release;
		};
		F24FF51E21DE6065003ADDAD /* Build configuration list for PBXNativeTarget "firebaseByAravind" */ = {
			isa = XCConfigurationList;
			buildConfigurations = (
				F24FF51F21DE6065003ADDAD /* Debug */,
				F24FF52021DE6065003ADDAD /* Release */,
			);
			defaultConfigurationIsVisible = 0;
			defaultConfigurationName = Release;
		};
/* End XCConfigurationList section */
	};
	rootObject = F24FF50421DE6063003ADDAD /* Project object */;
}
